{
    "_meta": {
        "hash": {
            "sha256": "959682d9d564a857b029266328652e0d614ab8dcaf808f24e8f94cdfc0abe9ba"
        },
        "pipfile-spec": 6,
        "requires": {
            "python_version": "3.12"
        },
        "sources": [
            {
                "name": "pypi",
                "url": "https://pypi.org/simple",
                "verify_ssl": true
            }
        ]
    },
    "default": {
        "antlr4-python3-runtime": {
            "hashes": [
                "sha256:909b647e1d2fc2b70180ac586df3933e38919c85f98ccc656a96cd3f25ef3916",
                "sha256:fe3835eb8d33daece0e799090eda89719dbccee7aa39ef94eed3818cafa5a7e8"
            ],
            "index": "pypi",
            "version": "==4.13.2"
        }
    },
    "develop": {}
}
